
Microsoft Visual Studio Solution File, Format Version 12.00
# Visual Studio Version 17
VisualStudioVersion = 17.4.33213.308
MinimumVisualStudioVersion = 10.0.40219.1
Project("{FAE04EC0-301F-11D3-BF4B-00C04F79EFBC}") = "APIsinPlantilla", "APIsinPlantilla.csproj", "{F868C372-A1F8-4424-B3A8-6D10053769B1}"
EndProject
Global
	GlobalSection(SolutionConfigurationPlatforms) = preSolution
		Debug|Any CPU = Debug|Any CPU
		Release|Any CPU = Release|Any CPU
	EndGlobalSection
	GlobalSection(ProjectConfigurationPlatforms) = postSolution
		{F868C372-A1F8-4424-B3A8-6D10053769B1}.Debug|Any CPU.ActiveCfg = Debug|Any CPU
		{F868C372-A1F8-4424-B3A8-6D10053769B1}.Debug|Any CPU.Build.0 = Debug|Any CPU
		{F868C372-A1F8-4424-B3A8-6D10053769B1}.Release|Any CPU.ActiveCfg = Release|Any CPU
		{F868C372-A1F8-4424-B3A8-6D10053769B1}.Release|Any CPU.Build.0 = Release|Any CPU
	EndGlobalSection
	GlobalSection(SolutionProperties) = preSolution
		HideSolutionNode = FALSE
	EndGlobalSection
	GlobalSection(ExtensibilityGlobals) = postSolution
		SolutionGuid = {30141CF6-08D7-42F3-BEBD-63822B408D9B}
	EndGlobalSection
EndGlobal
